
Microsoft Visual Studio Solution File, Format Version 12.00
# Visual Studio Version 17
VisualStudioVersion = 17.9.34728.123
MinimumVisualStudioVersion = 10.0.40219.1
Project("{FAE04EC0-301F-11D3-BF4B-00C04F79EFBC}") = "TestObject", "TestObject.csproj", "{7CEEFC84-C696-44FB-8664-7A314D37AE67}"
EndProject
Global
	GlobalSection(SolutionConfigurationPlatforms) = preSolution
		Debug|Any CPU = Debug|Any CPU
		Release|Any CPU = Release|Any CPU
	EndGlobalSection
	GlobalSection(ProjectConfigurationPlatforms) = postSolution
		{7CEEFC84-C696-44FB-8664-7A314D37AE67}.Debug|Any CPU.ActiveCfg = Debug|Any CPU
		{7CEEFC84-C696-44FB-8664-7A314D37AE67}.Debug|Any CPU.Build.0 = Debug|Any CPU
		{7CEEFC84-C696-44FB-8664-7A314D37AE67}.Release|Any CPU.ActiveCfg = Release|Any CPU
		{7CEEFC84-C696-44FB-8664-7A314D37AE67}.Release|Any CPU.Build.0 = Release|Any CPU
	EndGlobalSection
	GlobalSection(SolutionProperties) = preSolution
		HideSolutionNode = FALSE
	EndGlobalSection
	GlobalSection(ExtensibilityGlobals) = postSolution
		SolutionGuid = {77EC3639-1569-41F1-82A4-80E7685BB75D}
	EndGlobalSection
EndGlobal
